{
  "object": {
    "pins": [
      {
        "package": "AudioKit",
        "repositoryURL": "https://github.com/AudioKit/AudioKit",
        "state": {
          "branch": "develop",
          "revision": "21ecc7b37e826bd3e2277015fe077c4c1ace8458",
          "version": null
        }
      }
    ]
  },
  "version": 1
}
