{
  "object": {
    "pins": [
      {
        "package": "AudioKit",
        "repositoryURL": "https://github.com/AudioKit/AudioKit",
        "state": {
          "branch": null,
          "revision": "491ae3d76c64c848e308fb1f659099e3c82cd65b",
          "version": "5.3.0"
        }
      },
      {
        "package": "AudioKitEX",
        "repositoryURL": "https://github.com/AudioKit/AudioKitEX",
        "state": {
          "branch": null,
          "revision": "214bedd90e9a4ff03f55c4dc3b918082b6a7ebeb",
          "version": "5.3.0"
        }
      }
    ]
  },
  "version": 1
}
