{
  "object": {
    "pins": [
      {
        "package": "AudioKit",
        "repositoryURL": "https://github.com/AudioKit/AudioKit",
        "state": {
          "branch": "develop",
          "revision": "087da62501494c6d795b847092176e9dbdd5a2b6",
          "version": null
        }
      }
    ]
  },
  "version": 1
}
